
Microsoft Visual Studio Solution File, Format Version 12.00
# Visual Studio Version 16
VisualStudioVersion = 16.0.29009.5
MinimumVisualStudioVersion = 10.0.40219.1
Project("{2150E333-8FDC-42A3-9474-1A3956D46DE8}") = "1 - UserStories", "1 - UserStories", "{E5AD26CB-DF21-4CE6-A831-EBDC10A8F2E2}"
EndProject
Project("{FAE04EC0-301F-11D3-BF4B-00C04F79EFBC}") = "UserStories.AcceptanceTests", "UserStories.AcceptanceTests\UserStories.AcceptanceTests.csproj", "{2982E89B-80B7-43C7-8539-C4EFCB48C77F}"
EndProject
Project("{2150E333-8FDC-42A3-9474-1A3956D46DE8}") = "2 - API Layer", "2 - API Layer", "{8B6C7E1A-8DD6-4E3D-8374-B1C307647F61}"
EndProject
Project("{FAE04EC0-301F-11D3-BF4B-00C04F79EFBC}") = "APILayer.Client", "APILayer.Client\APILayer.Client.csproj", "{45F65D2E-E87D-4378-ACBA-297BA60E03FD}"
EndProject
Project("{FAE04EC0-301F-11D3-BF4B-00C04F79EFBC}") = "APILayer.Entities", "APILayer.Entities\APILayer.Entities.csproj", "{9214C869-C88B-46F0-AFCC-B207634BE695}"
EndProject
Project("{2150E333-8FDC-42A3-9474-1A3956D46DE8}") = "3 - CrossLayer", "3 - CrossLayer", "{CB2657CA-A74C-4B97-8136-33480E0AD176}"
EndProject
Project("{FAE04EC0-301F-11D3-BF4B-00C04F79EFBC}") = "CrossLayer.Containers", "CrossLayer.Containers\CrossLayer.Containers.csproj", "{6D5EB84E-AEE0-4ECB-8A1B-A36646CF967B}"
EndProject
Global
	GlobalSection(SolutionConfigurationPlatforms) = preSolution
		Debug|Any CPU = Debug|Any CPU
		Release|Any CPU = Release|Any CPU
	EndGlobalSection
	GlobalSection(ProjectConfigurationPlatforms) = postSolution
		{2982E89B-80B7-43C7-8539-C4EFCB48C77F}.Debug|Any CPU.ActiveCfg = Debug|Any CPU
		{2982E89B-80B7-43C7-8539-C4EFCB48C77F}.Debug|Any CPU.Build.0 = Debug|Any CPU
		{2982E89B-80B7-43C7-8539-C4EFCB48C77F}.Release|Any CPU.ActiveCfg = Release|Any CPU
		{2982E89B-80B7-43C7-8539-C4EFCB48C77F}.Release|Any CPU.Build.0 = Release|Any CPU
		{45F65D2E-E87D-4378-ACBA-297BA60E03FD}.Debug|Any CPU.ActiveCfg = Debug|Any CPU
		{45F65D2E-E87D-4378-ACBA-297BA60E03FD}.Debug|Any CPU.Build.0 = Debug|Any CPU
		{45F65D2E-E87D-4378-ACBA-297BA60E03FD}.Release|Any CPU.ActiveCfg = Release|Any CPU
		{45F65D2E-E87D-4378-ACBA-297BA60E03FD}.Release|Any CPU.Build.0 = Release|Any CPU
		{9214C869-C88B-46F0-AFCC-B207634BE695}.Debug|Any CPU.ActiveCfg = Debug|Any CPU
		{9214C869-C88B-46F0-AFCC-B207634BE695}.Debug|Any CPU.Build.0 = Debug|Any CPU
		{9214C869-C88B-46F0-AFCC-B207634BE695}.Release|Any CPU.ActiveCfg = Release|Any CPU
		{9214C869-C88B-46F0-AFCC-B207634BE695}.Release|Any CPU.Build.0 = Release|Any CPU
		{6D5EB84E-AEE0-4ECB-8A1B-A36646CF967B}.Debug|Any CPU.ActiveCfg = Debug|Any CPU
		{6D5EB84E-AEE0-4ECB-8A1B-A36646CF967B}.Debug|Any CPU.Build.0 = Debug|Any CPU
		{6D5EB84E-AEE0-4ECB-8A1B-A36646CF967B}.Release|Any CPU.ActiveCfg = Release|Any CPU
		{6D5EB84E-AEE0-4ECB-8A1B-A36646CF967B}.Release|Any CPU.Build.0 = Release|Any CPU
	EndGlobalSection
	GlobalSection(SolutionProperties) = preSolution
		HideSolutionNode = FALSE
	EndGlobalSection
	GlobalSection(NestedProjects) = preSolution
		{2982E89B-80B7-43C7-8539-C4EFCB48C77F} = {E5AD26CB-DF21-4CE6-A831-EBDC10A8F2E2}
		{45F65D2E-E87D-4378-ACBA-297BA60E03FD} = {8B6C7E1A-8DD6-4E3D-8374-B1C307647F61}
		{9214C869-C88B-46F0-AFCC-B207634BE695} = {8B6C7E1A-8DD6-4E3D-8374-B1C307647F61}
		{6D5EB84E-AEE0-4ECB-8A1B-A36646CF967B} = {CB2657CA-A74C-4B97-8136-33480E0AD176}
	EndGlobalSection
	GlobalSection(ExtensibilityGlobals) = postSolution
		SolutionGuid = {C0C5611F-D1DF-4940-AB3E-99591696D53C}
	EndGlobalSection
EndGlobal
